
Microsoft Visual Studio Solution File, Format Version 12.00
# Visual Studio Version 17
VisualStudioVersion = 17.1.32228.430
MinimumVisualStudioVersion = 10.0.40219.1
Project("{8BC9CEB8-8B4A-11D0-8D11-00A0C91BC942}") = "NN_Lib", "NN_Lib\NN_Lib.vcxproj", "{3B021CE6-DD8B-4CCE-81C0-9C8F08561432}"
EndProject
Project("{8BC9CEB8-8B4A-11D0-8D11-00A0C91BC942}") = "NN_CreateTrainingFile", "NN_CreateTrainingFile\NN_CreateTrainingFile.vcxproj", "{B65D42A4-8025-46F7-A059-22C68CC04097}"
	ProjectSection(ProjectDependencies) = postProject
		{3B021CE6-DD8B-4CCE-81C0-9C8F08561432} = {3B021CE6-DD8B-4CCE-81C0-9C8F08561432}
	EndProjectSection
EndProject
Project("{8BC9CEB8-8B4A-11D0-8D11-00A0C91BC942}") = "ExpGame", "2048\ExpGame.vcxproj", "{7F4E67B1-0F4F-3495-BC56-C08701654544}"
EndProject
Global
	GlobalSection(SolutionConfigurationPlatforms) = preSolution
		Debug|x64 = Debug|x64
		Debug|x86 = Debug|x86
		Release|x64 = Release|x64
		Release|x86 = Release|x86
	EndGlobalSection
	GlobalSection(ProjectConfigurationPlatforms) = postSolution
		{3B021CE6-DD8B-4CCE-81C0-9C8F08561432}.Debug|x64.ActiveCfg = Debug|x64
		{3B021CE6-DD8B-4CCE-81C0-9C8F08561432}.Debug|x64.Build.0 = Debug|x64
		{3B021CE6-DD8B-4CCE-81C0-9C8F08561432}.Debug|x86.ActiveCfg = Debug|Win32
		{3B021CE6-DD8B-4CCE-81C0-9C8F08561432}.Debug|x86.Build.0 = Debug|Win32
		{3B021CE6-DD8B-4CCE-81C0-9C8F08561432}.Release|x64.ActiveCfg = Release|x64
		{3B021CE6-DD8B-4CCE-81C0-9C8F08561432}.Release|x64.Build.0 = Release|x64
		{3B021CE6-DD8B-4CCE-81C0-9C8F08561432}.Release|x86.ActiveCfg = Release|Win32
		{3B021CE6-DD8B-4CCE-81C0-9C8F08561432}.Release|x86.Build.0 = Release|Win32
		{B65D42A4-8025-46F7-A059-22C68CC04097}.Debug|x64.ActiveCfg = Debug|x64
		{B65D42A4-8025-46F7-A059-22C68CC04097}.Debug|x64.Build.0 = Debug|x64
		{B65D42A4-8025-46F7-A059-22C68CC04097}.Debug|x86.ActiveCfg = Debug|Win32
		{B65D42A4-8025-46F7-A059-22C68CC04097}.Debug|x86.Build.0 = Debug|Win32
		{B65D42A4-8025-46F7-A059-22C68CC04097}.Release|x64.ActiveCfg = Release|x64
		{B65D42A4-8025-46F7-A059-22C68CC04097}.Release|x64.Build.0 = Release|x64
		{B65D42A4-8025-46F7-A059-22C68CC04097}.Release|x86.ActiveCfg = Release|Win32
		{B65D42A4-8025-46F7-A059-22C68CC04097}.Release|x86.Build.0 = Release|Win32
		{7F4E67B1-0F4F-3495-BC56-C08701654544}.Debug|x64.ActiveCfg = Debug|x64
		{7F4E67B1-0F4F-3495-BC56-C08701654544}.Debug|x64.Build.0 = Debug|x64
		{7F4E67B1-0F4F-3495-BC56-C08701654544}.Debug|x86.ActiveCfg = Debug|x64
		{7F4E67B1-0F4F-3495-BC56-C08701654544}.Debug|x86.Build.0 = Debug|x64
		{7F4E67B1-0F4F-3495-BC56-C08701654544}.Release|x64.ActiveCfg = Release|x64
		{7F4E67B1-0F4F-3495-BC56-C08701654544}.Release|x64.Build.0 = Release|x64
		{7F4E67B1-0F4F-3495-BC56-C08701654544}.Release|x86.ActiveCfg = Release|x64
		{7F4E67B1-0F4F-3495-BC56-C08701654544}.Release|x86.Build.0 = Release|x64
	EndGlobalSection
	GlobalSection(SolutionProperties) = preSolution
		HideSolutionNode = FALSE
	EndGlobalSection
	GlobalSection(ExtensibilityGlobals) = postSolution
		SolutionGuid = {34AFE41D-AED5-4B5B-88C7-6B17F29DA2A0}
	EndGlobalSection
EndGlobal
